
Microsoft Visual Studio Solution File, Format Version 12.00
# Visual Studio Version 17
VisualStudioVersion = 17.4.33403.182
MinimumVisualStudioVersion = 10.0.40219.1
Project("{FAE04EC0-301F-11D3-BF4B-00C04F79EFBC}") = "DrawingSamepleCode", "DrawingSamepleCode\DrawingSamepleCode.csproj", "{FFE83AED-7D64-4502-9F46-E6C4CFF0032E}"
EndProject
Global
	GlobalSection(SolutionConfigurationPlatforms) = preSolution
		Debug|Any CPU = Debug|Any CPU
		Release|Any CPU = Release|Any CPU
	EndGlobalSection
	GlobalSection(ProjectConfigurationPlatforms) = postSolution
		{FFE83AED-7D64-4502-9F46-E6C4CFF0032E}.Debug|Any CPU.ActiveCfg = Debug|Any CPU
		{FFE83AED-7D64-4502-9F46-E6C4CFF0032E}.Debug|Any CPU.Build.0 = Debug|Any CPU
		{FFE83AED-7D64-4502-9F46-E6C4CFF0032E}.Release|Any CPU.ActiveCfg = Release|Any CPU
		{FFE83AED-7D64-4502-9F46-E6C4CFF0032E}.Release|Any CPU.Build.0 = Release|Any CPU
	EndGlobalSection
	GlobalSection(SolutionProperties) = preSolution
		HideSolutionNode = FALSE
	EndGlobalSection
	GlobalSection(ExtensibilityGlobals) = postSolution
		SolutionGuid = {25E7DADC-A41C-4FBE-8345-B14185A86268}
	EndGlobalSection
EndGlobal
